// !$*UTF8*$!
{
	archiveVersion = 1;
	classes = {
	};
	objectVersion = 50;
	objects = {

/* Begin PBXBuildFile section */
		FCBA188520FCE3E000DD2861 /* AppDelegate.swift in Sources */ = {isa = PBXBuildFile; fileRef = FCBA188420FCE3E000DD2861 /* AppDelegate.swift */; };
		FCBA188720FCE3E000DD2861 /* ViewController.swift in Sources */ = {isa = PBXBuildFile; fileRef = FCBA188620FCE3E000DD2861 /* ViewController.swift */; };
		FCBA188A20FCE3E000DD2861 /* Main.storyboard in Resources */ = {isa = PBXBuildFile; fileRef = FCBA188820FCE3E000DD2861 /* Main.storyboard */; };
		FCBA188D20FCE3E000DD2861 /* testingForGit.xcdatamodeld in Sources */ = {isa = PBXBuildFile; fileRef = FCBA188B20FCE3E000DD2861 /* testingForGit.xcdatamodeld */; };
		FCBA188F20FCE3E100DD2861 /* Assets.xcassets in Resources */ = {isa = PBXBuildFile; fileRef = FCBA188E20FCE3E100DD2861 /* Assets.xcassets */; };
		FCBA189220FCE3E100DD2861 /* LaunchScreen.storyboard in Resources */ = {isa = PBXBuildFile; fileRef = FCBA189020FCE3E100DD2861 /* LaunchScreen.storyboard */; };
/* End PBXBuildFile section */

/* Begin PBXFileReference section */
		FCBA188120FCE3E000DD2861 /* testingForGit.app */ = {isa = PBXFileReference; explicitFileType = wrapper.application; includeInIndex = 0; path = testingForGit.app; sourceTree = BUILT_PRODUCTS_DIR; };
		FCBA188420FCE3E000DD2861 /* AppDelegate.swift */ = {isa = PBXFileReference; lastKnownFileType = sourcecode.swift; path = AppDelegate.swift; sourceTree = "<group>"; };
		FCBA188620FCE3E000DD2861 /* ViewController.swift */ = {isa = PBXFileReference; lastKnownFileType = sourcecode.swift; path = ViewController.swift; sourceTree = "<group>"; };
		FCBA188920FCE3E000DD2861 /* Base */ = {isa = PBXFileReference; lastKnownFileType = file.storyboard; name = Base; path = Base.lproj/Main.storyboard; sourceTree = "<group>"; };
		FCBA188C20FCE3E000DD2861 /* testingForGit.xcdatamodel */ = {isa = PBXFileReference; lastKnownFileType = wrapper.xcdatamodel; path = testingForGit.xcdatamodel; sourceTree = "<group>"; };
		FCBA188E20FCE3E100DD2861 /* Assets.xcassets */ = {isa = PBXFileReference; lastKnownFileType = folder.assetcatalog; path = Assets.xcassets; sourceTree = "<group>"; };
		FCBA189120FCE3E100DD2861 /* Base */ = {isa = PBXFileReference; lastKnownFileType = file.storyboard; name = Base; path = Base.lproj/LaunchScreen.storyboard; sourceTree = "<group>"; };
		FCBA189320FCE3E100DD2861 /* Info.plist */ = {isa = PBXFileReference; lastKnownFileType = text.plist.xml; path = Info.plist; sourceTree = "<group>"; };
/* End PBXFileReference section */

/* Begin PBXFrameworksBuildPhase section */
		FCBA187E20FCE3E000DD2861 /* Frameworks */ = {
			isa = PBXFrameworksBuildPhase;
			buildActionMask = 2147483647;
			files = (
			);
			runOnlyForDeploymentPostprocessing = 0;
		};
/* End PBXFrameworksBuildPhase section */

/* Begin PBXGroup section */
		FCBA187820FCE3E000DD2861 = {
			isa = PBXGroup;
			children = (
				FCBA188320FCE3E000DD2861 /* testingForGit */,
				FCBA188220FCE3E000DD2861 /* Products */,
			);
			sourceTree = "<group>";
		};
		FCBA188220FCE3E000DD2861 /* Products */ = {
			isa = PBXGroup;
			children = (
				FCBA188120FCE3E000DD2861 /* testingForGit.app */,
			);
			name = Products;
			sourceTree = "<group>";
		};
		FCBA188320FCE3E000DD2861 /* testingForGit */ = {
			isa = PBXGroup;
			children = (
				FCBA188420FCE3E000DD2861 /* AppDelegate.swift */,
				FCBA188620FCE3E000DD2861 /* ViewController.swift */,
				FCBA188820FCE3E000DD2861 /* Main.storyboard */,
				FCBA188E20FCE3E100DD2861 /* Assets.xcassets */,
				FCBA189020FCE3E100DD2861 /* LaunchScreen.storyboard */,
				FCBA189320FCE3E100DD2861 /* Info.plist */,
				FCBA188B20FCE3E000DD2861 /* testingForGit.xcdatamodeld */,
			);
			path = testingForGit;
			sourceTree = "<group>";
		};
/* End PBXGroup section */

/* Begin PBXNativeTarget section */
		FCBA188020FCE3E000DD2861 /* testingForGit */ = {
			isa = PBXNativeTarget;
			buildConfigurationList = FCBA189620FCE3E100DD2861 /* Build configuration list for PBXNativeTarget "testingForGit" */;
			buildPhases = (
				FCBA187D20FCE3E000DD2861 /* Sources */,
				FCBA187E20FCE3E000DD2861 /* Frameworks */,
				FCBA187F20FCE3E000DD2861 /* Resources */,
			);
			buildRules = (
			);
			dependencies = (
			);
			name = testingForGit;
			productName = testingForGit;
			productReference = FCBA188120FCE3E000DD2861 /* testingForGit.app */;
			productType = "com.apple.product-type.application";
		};
/* End PBXNativeTarget section */

/* Begin PBXProject section */
		FCBA187920FCE3E000DD2861 /* Project object */ = {
			isa = PBXProject;
			attributes = {
				LastSwiftUpdateCheck = 0940;
				LastUpgradeCheck = 0940;
				ORGANIZATIONNAME = "Dylan Westfall";
				TargetAttributes = {
					FCBA188020FCE3E000DD2861 = {
						CreatedOnToolsVersion = 9.4.1;
					};
				};
			};
			buildConfigurationList = FCBA187C20FCE3E000DD2861 /* Build configuration list for PBXProject "testingForGit" */;
			compatibilityVersion = "Xcode 9.3";
			developmentRegion = en;
			hasScannedForEncodings = 0;
			knownRegions = (
				en,
				Base,
			);
			mainGroup = FCBA187820FCE3E000DD2861;
			productRefGroup = FCBA188220FCE3E000DD2861 /* Products */;
			projectDirPath = "";
			projectRoot = "";
			targets = (
				FCBA188020FCE3E000DD2861 /* testingForGit */,
			);
		};
/* End PBXProject section */

/* Begin PBXResourcesBuildPhase section */
		FCBA187F20FCE3E000DD2861 /* Resources */ = {
			isa = PBXResourcesBuildPhase;
			buildActionMask = 2147483647;
			files = (
				FCBA189220FCE3E100DD2861 /* LaunchScreen.storyboard in Resources */,
				FCBA188F20FCE3E100DD2861 /* Assets.xcassets in Resources */,
				FCBA188A20FCE3E000DD2861 /* Main.storyboard in Resources */,
			);
			runOnlyForDeploymentPostprocessing = 0;
		};
/* End PBXResourcesBuildPhase section */

/* Begin PBXSourcesBuildPhase section */
		FCBA187D20FCE3E000DD2861 /* Sources */ = {
			isa = PBXSourcesBuildPhase;
			buildActionMask = 2147483647;
			files = (
				FCBA188D20FCE3E000DD2861 /* testingForGit.xcdatamodeld in Sources */,
				FCBA188720FCE3E000DD2861 /* ViewController.swift in Sources */,
				FCBA188520FCE3E000DD2861 /* AppDelegate.swift in Sources */,
			);
			runOnlyForDeploymentPostprocessing = 0;
		};
/* End PBXSourcesBuildPhase section */

/* Begin PBXVariantGroup section */
		FCBA188820FCE3E000DD2861 /* Main.storyboard */ = {
			isa = PBXVariantGroup;
			children = (
				FCBA188920FCE3E000DD2861 /* Base */,
			);
			name = Main.storyboard;
			sourceTree = "<group>";
		};
		FCBA189020FCE3E100DD2861 /* LaunchScreen.storyboard */ = {
			isa = PBXVariantGroup;
			children = (
				FCBA189120FCE3E100DD2861 /* Base */,
			);
			name = LaunchScreen.storyboard;
			sourceTree = "<group>";
		};
/* End PBXVariantGroup section */

/* Begin XCBuildConfiguration section */
		FCBA189420FCE3E100DD2861 /* Debug */ = {
			isa = XCBuildConfiguration;
			buildSettings = {
				ALWAYS_SEARCH_USER_PATHS = NO;
				CLANG_ANALYZER_NONNULL = YES;
				CLANG_ANALYZER_NUMBER_OBJECT_CONVERSION = YES_AGGRESSIVE;
				CLANG_CXX_LANGUAGE_STANDARD = "gnu++14";
				CLANG_CXX_LIBRARY = "libc++";
				CLANG_ENABLE_MODULES = YES;
				CLANG_ENABLE_OBJC_ARC = YES;
				CLANG_ENABLE_OBJC_WEAK = YES;
				CLANG_WARN_BLOCK_CAPTURE_AUTORELEASING = YES;
				CLANG_WARN_BOOL_CONVERSION = YES;
				CLANG_WARN_COMMA = YES;
				CLANG_WARN_CONSTANT_CONVERSION = YES;
				CLANG_WARN_DEPRECATED_OBJC_IMPLEMENTATIONS = YES;
				CLANG_WARN_DIRECT_OBJC_ISA_USAGE = YES_ERROR;
				CLANG_WARN_DOCUMENTATION_COMMENTS = YES;
				CLANG_WARN_EMPTY_BODY = YES;
				CLANG_WARN_ENUM_CONVERSION = YES;
				CLANG_WARN_INFINITE_RECURSION = YES;
				CLANG_WARN_INT_CONVERSION = YES;
				CLANG_WARN_NON_LITERAL_NULL_CONVERSION = YES;
				CLANG_WARN_OBJC_IMPLICIT_RETAIN_SELF = YES;
				CLANG_WARN_OBJC_LITERAL_CONVERSION = YES;
				CLANG_WARN_OBJC_ROOT_CLASS = YES_ERROR;
				CLANG_WARN_RANGE_LOOP_ANALYSIS = YES;
				CLANG_WARN_STRICT_PROTOTYPES = YES;
				CLANG_WARN_SUSPICIOUS_MOVE = YES;
				CLANG_WARN_UNGUARDED_AVAILABILITY = YES_AGGRESSIVE;
				CLANG_WARN_UNREACHABLE_CODE = YES;
				CLANG_WARN__DUPLICATE_METHOD_MATCH = YES;
				CODE_SIGN_IDENTITY = "iPhone Developer";
				COPY_PHASE_STRIP = NO;
				DEBUG_INFORMATION_FORMAT = dwarf;
				ENABLE_STRICT_OBJC_MSGSEND = YES;
				ENABLE_TESTABILITY = YES;
				GCC_C_LANGUAGE_STANDARD = gnu11;
				GCC_DYNAMIC_NO_PIC = NO;
				GCC_NO_COMMON_BLOCKS = YES;
				GCC_OPTIMIZATION_LEVEL = 0;
				GCC_PREPROCESSOR_DEFINITIONS = (
					"DEBUG=1",
					"$(inherited)",
				);
				GCC_WARN_64_TO_32_BIT_CONVERSION = YES;
				GCC_WARN_ABOUT_RETURN_TYPE = YES_ERROR;
				GCC_WARN_UNDECLARED_SELECTOR = YES;
				GCC_WARN_UNINITIALIZED_AUTOS = YES_AGGRESSIVE;
				GCC_WARN_UNUSED_FUNCTION = YES;
				GCC_WARN_UNUSED_VARIABLE = YES;
				IPHONEOS_DEPLOYMENT_TARGET = 11.4;
				MTL_ENABLE_DEBUG_INFO = YES;
				ONLY_ACTIVE_ARCH = YES;
				SDKROOT = iphoneos;
				SWIFT_ACTIVE_COMPILATION_CONDITIONS = DEBUG;
				SWIFT_OPTIMIZATION_LEVEL = "-Onone";
			};
			name = Debug;
		};
		FCBA189520FCE3E100DD2861 /* Release */ = {
			isa = XCBuildConfiguration;
			buildSettings = {
				ALWAYS_SEARCH_USER_PATHS = NO;
				CLANG_ANALYZER_NONNULL = YES;
				CLANG_ANALYZER_NUMBER_OBJECT_CONVERSION = YES_AGGRESSIVE;
				CLANG_CXX_LANGUAGE_STANDARD = "gnu++14";
				CLANG_CXX_LIBRARY = "libc++";
				CLANG_ENABLE_MODULES = YES;
				CLANG_ENABLE_OBJC_ARC = YES;
				CLANG_ENABLE_OBJC_WEAK = YES;
				CLANG_WARN_BLOCK_CAPTURE_AUTORELEASING = YES;
				CLANG_WARN_BOOL_CONVERSION = YES;
				CLANG_WARN_COMMA = YES;
				CLANG_WARN_CONSTANT_CONVERSION = YES;
				CLANG_WARN_DEPRECATED_OBJC_IMPLEMENTATIONS = YES;
				CLANG_WARN_DIRECT_OBJC_ISA_USAGE = YES_ERROR;
				CLANG_WARN_DOCUMENTATION_COMMENTS = YES;
				CLANG_WARN_EMPTY_BODY = YES;
				CLANG_WARN_ENUM_CONVERSION = YES;
				CLANG_WARN_INFINITE_RECURSION = YES;
				CLANG_WARN_INT_CONVERSION = YES;
				CLANG_WARN_NON_LITERAL_NULL_CONVERSION = YES;
				CLANG_WARN_OBJC_IMPLICIT_RETAIN_SELF = YES;
				CLANG_WARN_OBJC_LITERAL_CONVERSION = YES;
				CLANG_WARN_OBJC_ROOT_CLASS = YES_ERROR;
				CLANG_WARN_RANGE_LOOP_ANALYSIS = YES;
				CLANG_WARN_STRICT_PROTOTYPES = YES;
				CLANG_WARN_SUSPICIOUS_MOVE = YES;
				CLANG_WARN_UNGUARDED_AVAILABILITY = YES_AGGRESSIVE;
				CLANG_WARN_UNREACHABLE_CODE = YES;
				CLANG_WARN__DUPLICATE_METHOD_MATCH = YES;
				CODE_SIGN_IDENTITY = "iPhone Developer";
				COPY_PHASE_STRIP = NO;
				DEBUG_INFORMATION_FORMAT = "dwarf-with-dsym";
				ENABLE_NS_ASSERTIONS = NO;
				ENABLE_STRICT_OBJC_MSGSEND = YES;
				GCC_C_LANGUAGE_STANDARD = gnu11;
				GCC_NO_COMMON_BLOCKS = YES;
				GCC_WARN_64_TO_32_BIT_CONVERSION = YES;
				GCC_WARN_ABOUT_RETURN_TYPE = YES_ERROR;
				GCC_WARN_UNDECLARED_SELECTOR = YES;
				GCC_WARN_UNINITIALIZED_AUTOS = YES_AGGRESSIVE;
				GCC_WARN_UNUSED_FUNCTION = YES;
				GCC_WARN_UNUSED_VARIABLE = YES;
				IPHONEOS_DEPLOYMENT_TARGET = 11.4;
				MTL_ENABLE_DEBUG_INFO = NO;
				SDKROOT = iphoneos;
				SWIFT_COMPILATION_MODE = wholemodule;
				SWIFT_OPTIMIZATION_LEVEL = "-O";
				VALIDATE_PRODUCT = YES;
			};
			name = Release;
		};
		FCBA189720FCE3E100DD2861 /* Debug */ = {
			isa = XCBuildConfiguration;
			buildSettings = {
				ASSETCATALOG_COMPILER_APPICON_NAME = AppIcon;
				CODE_SIGN_STYLE = Automatic;
				DEVELOPMENT_TEAM = 6H9H3J957D;
				INFOPLIST_FILE = testingForGit/Info.plist;
				LD_RUNPATH_SEARCH_PATHS = (
					"$(inherited)",
					"@executable_path/Frameworks",
				);
				PRODUCT_BUNDLE_IDENTIFIER = Westfall.testingForGit;
				PRODUCT_NAME = "$(TARGET_NAME)";
				SWIFT_VERSION = 4.0;
				TARGETED_DEVICE_FAMILY = "1,2";
			};
			name = Debug;
		};
		FCBA189820FCE3E100DD2861 /* Release */ = {
			isa = XCBuildConfiguration;
			buildSettings = {
				ASSETCATALOG_COMPILER_APPICON_NAME = AppIcon;
				CODE_SIGN_STYLE = Automatic;
				DEVELOPMENT_TEAM = 6H9H3J957D;
				INFOPLIST_FILE = testingForGit/Info.plist;
				LD_RUNPATH_SEARCH_PATHS = (
					"$(inherited)",
					"@executable_path/Frameworks",
				);
				PRODUCT_BUNDLE_IDENTIFIER = Westfall.testingForGit;
				PRODUCT_NAME = "$(TARGET_NAME)";
				SWIFT_VERSION = 4.0;
				TARGETED_DEVICE_FAMILY = "1,2";
			};
			name = Release;
		};
/* End XCBuildConfiguration section */

/* Begin XCConfigurationList section */
		FCBA187C20FCE3E000DD2861 /* Build configuration list for PBXProject "testingForGit" */ = {
			isa = XCConfigurationList;
			buildConfigurations = (
				FCBA189420FCE3E100DD2861 /* Debug */,
				FCBA189520FCE3E100DD2861 /* Release */,
			);
			defaultConfigurationIsVisible = 0;
			defaultConfigurationName = Release;
		};
		FCBA189620FCE3E100DD2861 /* Build configuration list for PBXNativeTarget "testingForGit" */ = {
			isa = XCConfigurationList;
			buildConfigurations = (
				FCBA189720FCE3E100DD2861 /* Debug */,
				FCBA189820FCE3E100DD2861 /* Release */,
			);
			defaultConfigurationIsVisible = 0;
			defaultConfigurationName = Release;
		};
/* End XCConfigurationList section */

/* Begin XCVersionGroup section */
		FCBA188B20FCE3E000DD2861 /* testingForGit.xcdatamodeld */ = {
			isa = XCVersionGroup;
			children = (
				FCBA188C20FCE3E000DD2861 /* testingForGit.xcdatamodel */,
			);
			currentVersion = FCBA188C20FCE3E000DD2861 /* testingForGit.xcdatamodel */;
			path = testingForGit.xcdatamodeld;
			sourceTree = "<group>";
			versionGroupType = wrapper.xcdatamodel;
		};
/* End XCVersionGroup section */
	};
	rootObject = FCBA187920FCE3E000DD2861 /* Project object */;
}
